
Microsoft Visual Studio Solution File, Format Version 10.00
# Visual C++ Express 2008
Project("{8BC9CEB8-8B4A-11D0-8D11-00A0C91BC942}") = "constructor1.cpp", "constructor1.cpp\constructor1.cpp.vcproj", "{9BD17168-B524-492B-90ED-5406D64B844C}"
EndProject
Global
	GlobalSection(SolutionConfigurationPlatforms) = preSolution
		Debug|Win32 = Debug|Win32
		Release|Win32 = Release|Win32
	EndGlobalSection
	GlobalSection(ProjectConfigurationPlatforms) = postSolution
		{9BD17168-B524-492B-90ED-5406D64B844C}.Debug|Win32.ActiveCfg = Debug|Win32
		{9BD17168-B524-492B-90ED-5406D64B844C}.Debug|Win32.Build.0 = Debug|Win32
		{9BD17168-B524-492B-90ED-5406D64B844C}.Release|Win32.ActiveCfg = Release|Win32
		{9BD17168-B524-492B-90ED-5406D64B844C}.Release|Win32.Build.0 = Release|Win32
	EndGlobalSection
	GlobalSection(SolutionProperties) = preSolution
		HideSolutionNode = FALSE
	EndGlobalSection
EndGlobal
